// !$*UTF8*$!
{
	archiveVersion = 1;
	classes = {
	};
	objectVersion = 51;
	objects = {

/* Begin PBXBuildFile section */
		4CDA08EA2191FBB400B51B9D /* main.swift in Sources */ = {isa = PBXBuildFile; fileRef = 4CDA08E92191FBB400B51B9D /* main.swift */; };
		4CDA08F22191FBF000B51B9D /* ProjectCodeCoverageReport.swift in Sources */ = {isa = PBXBuildFile; fileRef = 4CDA08F12191FBF000B51B9D /* ProjectCodeCoverageReport.swift */; };
		4CDA08F42191FC0300B51B9D /* TargetCodeCoverageReport.swift in Sources */ = {isa = PBXBuildFile; fileRef = 4CDA08F32191FC0300B51B9D /* TargetCodeCoverageReport.swift */; };
		4CDA08F62191FC1A00B51B9D /* FileCodeCoverageReport.swift in Sources */ = {isa = PBXBuildFile; fileRef = 4CDA08F52191FC1A00B51B9D /* FileCodeCoverageReport.swift */; };
		4CDA08F92191FC5300B51B9D /* FunctionCodeCoverageReport.swift in Sources */ = {isa = PBXBuildFile; fileRef = 4CDA08F82191FC5300B51B9D /* FunctionCodeCoverageReport.swift */; };
		4CDA090621921DD000B51B9D /* CodeCoverageTable.swift in Sources */ = {isa = PBXBuildFile; fileRef = 4CDA090521921DD000B51B9D /* CodeCoverageTable.swift */; };
		4CDA090821921F2800B51B9D /* CodeCoverageReport.swift in Sources */ = {isa = PBXBuildFile; fileRef = 4CDA090721921F2800B51B9D /* CodeCoverageReport.swift */; };
		4CDA090A2192216400B51B9D /* CodeCoverageReportFormatter.swift in Sources */ = {isa = PBXBuildFile; fileRef = 4CDA09092192216400B51B9D /* CodeCoverageReportFormatter.swift */; };
/* End PBXBuildFile section */

/* Begin PBXCopyFilesBuildPhase section */
		4CDA08E42191FBB400B51B9D /* CopyFiles */ = {
			isa = PBXCopyFilesBuildPhase;
			buildActionMask = 2147483647;
			dstPath = /usr/share/man/man1/;
			dstSubfolderSpec = 0;
			files = (
			);
			runOnlyForDeploymentPostprocessing = 1;
		};
/* End PBXCopyFilesBuildPhase section */

/* Begin PBXFileReference section */
		4CDA08E62191FBB400B51B9D /* xccovPretty */ = {isa = PBXFileReference; explicitFileType = "compiled.mach-o.executable"; includeInIndex = 0; path = xccovPretty; sourceTree = BUILT_PRODUCTS_DIR; };
		4CDA08E92191FBB400B51B9D /* main.swift */ = {isa = PBXFileReference; lastKnownFileType = sourcecode.swift; path = main.swift; sourceTree = "<group>"; };
		4CDA08F12191FBF000B51B9D /* ProjectCodeCoverageReport.swift */ = {isa = PBXFileReference; lastKnownFileType = sourcecode.swift; path = ProjectCodeCoverageReport.swift; sourceTree = "<group>"; };
		4CDA08F32191FC0300B51B9D /* TargetCodeCoverageReport.swift */ = {isa = PBXFileReference; lastKnownFileType = sourcecode.swift; path = TargetCodeCoverageReport.swift; sourceTree = "<group>"; };
		4CDA08F52191FC1A00B51B9D /* FileCodeCoverageReport.swift */ = {isa = PBXFileReference; lastKnownFileType = sourcecode.swift; path = FileCodeCoverageReport.swift; sourceTree = "<group>"; };
		4CDA08F82191FC5300B51B9D /* FunctionCodeCoverageReport.swift */ = {isa = PBXFileReference; lastKnownFileType = sourcecode.swift; path = FunctionCodeCoverageReport.swift; sourceTree = "<group>"; };
		4CDA090521921DD000B51B9D /* CodeCoverageTable.swift */ = {isa = PBXFileReference; lastKnownFileType = sourcecode.swift; path = CodeCoverageTable.swift; sourceTree = "<group>"; };
		4CDA090721921F2800B51B9D /* CodeCoverageReport.swift */ = {isa = PBXFileReference; lastKnownFileType = sourcecode.swift; path = CodeCoverageReport.swift; sourceTree = "<group>"; };
		4CDA09092192216400B51B9D /* CodeCoverageReportFormatter.swift */ = {isa = PBXFileReference; lastKnownFileType = sourcecode.swift; path = CodeCoverageReportFormatter.swift; sourceTree = "<group>"; };
/* End PBXFileReference section */

/* Begin PBXFrameworksBuildPhase section */
		4CDA08E32191FBB400B51B9D /* Frameworks */ = {
			isa = PBXFrameworksBuildPhase;
			buildActionMask = 2147483647;
			files = (
			);
			runOnlyForDeploymentPostprocessing = 0;
		};
/* End PBXFrameworksBuildPhase section */

/* Begin PBXGroup section */
		4CDA08DD2191FBB400B51B9D = {
			isa = PBXGroup;
			children = (
				4CDA08E82191FBB400B51B9D /* xccovPretty */,
				4CDA08E72191FBB400B51B9D /* Products */,
			);
			sourceTree = "<group>";
		};
		4CDA08E72191FBB400B51B9D /* Products */ = {
			isa = PBXGroup;
			children = (
				4CDA08E62191FBB400B51B9D /* xccovPretty */,
			);
			name = Products;
			sourceTree = "<group>";
		};
		4CDA08E82191FBB400B51B9D /* xccovPretty */ = {
			isa = PBXGroup;
			children = (
				4CDA08E92191FBB400B51B9D /* main.swift */,
				4CDA08F72191FC2600B51B9D /* Models */,
				4CDA090B2192218E00B51B9D /* Controllers */,
			);
			path = xccovPretty;
			sourceTree = "<group>";
		};
		4CDA08F72191FC2600B51B9D /* Models */ = {
			isa = PBXGroup;
			children = (
				4CDA090721921F2800B51B9D /* CodeCoverageReport.swift */,
				4CDA08F12191FBF000B51B9D /* ProjectCodeCoverageReport.swift */,
				4CDA08F32191FC0300B51B9D /* TargetCodeCoverageReport.swift */,
				4CDA08F52191FC1A00B51B9D /* FileCodeCoverageReport.swift */,
				4CDA08F82191FC5300B51B9D /* FunctionCodeCoverageReport.swift */,
			);
			path = Models;
			sourceTree = "<group>";
		};
		4CDA090B2192218E00B51B9D /* Controllers */ = {
			isa = PBXGroup;
			children = (
				4CDA09092192216400B51B9D /* CodeCoverageReportFormatter.swift */,
				4CDA090521921DD000B51B9D /* CodeCoverageTable.swift */,
			);
			path = Controllers;
			sourceTree = "<group>";
		};
/* End PBXGroup section */

/* Begin PBXNativeTarget section */
		4CDA08E52191FBB400B51B9D /* xccovPretty */ = {
			isa = PBXNativeTarget;
			buildConfigurationList = 4CDA08ED2191FBB400B51B9D /* Build configuration list for PBXNativeTarget "xccovPretty" */;
			buildPhases = (
				4CDA08E22191FBB400B51B9D /* Sources */,
				4CDA08E32191FBB400B51B9D /* Frameworks */,
				4CDA08E42191FBB400B51B9D /* CopyFiles */,
			);
			buildRules = (
			);
			dependencies = (
			);
			name = xccovPretty;
			productName = xccovPretty;
			productReference = 4CDA08E62191FBB400B51B9D /* xccovPretty */;
			productType = "com.apple.product-type.tool";
		};
/* End PBXNativeTarget section */

/* Begin PBXProject section */
		4CDA08DE2191FBB400B51B9D /* Project object */ = {
			isa = PBXProject;
			attributes = {
				LastSwiftUpdateCheck = 1010;
				LastUpgradeCheck = 1010;
				ORGANIZATIONNAME = "Prachi Gauriar";
				TargetAttributes = {
					4CDA08E52191FBB400B51B9D = {
						CreatedOnToolsVersion = 10.1;
					};
				};
			};
			buildConfigurationList = 4CDA08E12191FBB400B51B9D /* Build configuration list for PBXProject "xccovPretty" */;
			compatibilityVersion = "Xcode 10.0";
			developmentRegion = en;
			hasScannedForEncodings = 0;
			knownRegions = (
				en,
			);
			mainGroup = 4CDA08DD2191FBB400B51B9D;
			productRefGroup = 4CDA08E72191FBB400B51B9D /* Products */;
			projectDirPath = "";
			projectRoot = "";
			targets = (
				4CDA08E52191FBB400B51B9D /* xccovPretty */,
			);
		};
/* End PBXProject section */

/* Begin PBXSourcesBuildPhase section */
		4CDA08E22191FBB400B51B9D /* Sources */ = {
			isa = PBXSourcesBuildPhase;
			buildActionMask = 2147483647;
			files = (
				4CDA08F42191FC0300B51B9D /* TargetCodeCoverageReport.swift in Sources */,
				4CDA090A2192216400B51B9D /* CodeCoverageReportFormatter.swift in Sources */,
				4CDA090621921DD000B51B9D /* CodeCoverageTable.swift in Sources */,
				4CDA08F92191FC5300B51B9D /* FunctionCodeCoverageReport.swift in Sources */,
				4CDA08F22191FBF000B51B9D /* ProjectCodeCoverageReport.swift in Sources */,
				4CDA08F62191FC1A00B51B9D /* FileCodeCoverageReport.swift in Sources */,
				4CDA08EA2191FBB400B51B9D /* main.swift in Sources */,
				4CDA090821921F2800B51B9D /* CodeCoverageReport.swift in Sources */,
			);
			runOnlyForDeploymentPostprocessing = 0;
		};
/* End PBXSourcesBuildPhase section */

/* Begin XCBuildConfiguration section */
		4CDA08EB2191FBB400B51B9D /* Debug */ = {
			isa = XCBuildConfiguration;
			buildSettings = {
				ALWAYS_SEARCH_USER_PATHS = NO;
				CLANG_ANALYZER_NONNULL = YES;
				CLANG_ANALYZER_NUMBER_OBJECT_CONVERSION = YES_AGGRESSIVE;
				CLANG_CXX_LANGUAGE_STANDARD = "gnu++14";
				CLANG_CXX_LIBRARY = "libc++";
				CLANG_ENABLE_MODULES = YES;
				CLANG_ENABLE_OBJC_ARC = YES;
				CLANG_ENABLE_OBJC_WEAK = YES;
				CLANG_WARN_BLOCK_CAPTURE_AUTORELEASING = YES;
				CLANG_WARN_BOOL_CONVERSION = YES;
				CLANG_WARN_COMMA = YES;
				CLANG_WARN_CONSTANT_CONVERSION = YES;
				CLANG_WARN_DEPRECATED_OBJC_IMPLEMENTATIONS = YES;
				CLANG_WARN_DIRECT_OBJC_ISA_USAGE = YES_ERROR;
				CLANG_WARN_DOCUMENTATION_COMMENTS = YES;
				CLANG_WARN_EMPTY_BODY = YES;
				CLANG_WARN_ENUM_CONVERSION = YES;
				CLANG_WARN_INFINITE_RECURSION = YES;
				CLANG_WARN_INT_CONVERSION = YES;
				CLANG_WARN_NON_LITERAL_NULL_CONVERSION = YES;
				CLANG_WARN_OBJC_IMPLICIT_RETAIN_SELF = YES;
				CLANG_WARN_OBJC_LITERAL_CONVERSION = YES;
				CLANG_WARN_OBJC_ROOT_CLASS = YES_ERROR;
				CLANG_WARN_RANGE_LOOP_ANALYSIS = YES;
				CLANG_WARN_STRICT_PROTOTYPES = YES;
				CLANG_WARN_SUSPICIOUS_MOVE = YES;
				CLANG_WARN_UNGUARDED_AVAILABILITY = YES_AGGRESSIVE;
				CLANG_WARN_UNREACHABLE_CODE = YES;
				CLANG_WARN__DUPLICATE_METHOD_MATCH = YES;
				CODE_SIGN_IDENTITY = "-";
				COPY_PHASE_STRIP = NO;
				DEBUG_INFORMATION_FORMAT = dwarf;
				ENABLE_STRICT_OBJC_MSGSEND = YES;
				ENABLE_TESTABILITY = YES;
				GCC_C_LANGUAGE_STANDARD = gnu11;
				GCC_DYNAMIC_NO_PIC = NO;
				GCC_NO_COMMON_BLOCKS = YES;
				GCC_OPTIMIZATION_LEVEL = 0;
				GCC_PREPROCESSOR_DEFINITIONS = (
					"DEBUG=1",
					"$(inherited)",
				);
				GCC_WARN_64_TO_32_BIT_CONVERSION = YES;
				GCC_WARN_ABOUT_RETURN_TYPE = YES_ERROR;
				GCC_WARN_UNDECLARED_SELECTOR = YES;
				GCC_WARN_UNINITIALIZED_AUTOS = YES_AGGRESSIVE;
				GCC_WARN_UNUSED_FUNCTION = YES;
				GCC_WARN_UNUSED_VARIABLE = YES;
				MACOSX_DEPLOYMENT_TARGET = 10.14;
				MTL_ENABLE_DEBUG_INFO = INCLUDE_SOURCE;
				MTL_FAST_MATH = YES;
				ONLY_ACTIVE_ARCH = YES;
				SDKROOT = macosx;
				SWIFT_ACTIVE_COMPILATION_CONDITIONS = DEBUG;
				SWIFT_OPTIMIZATION_LEVEL = "-Onone";
			};
			name = Debug;
		};
		4CDA08EC2191FBB400B51B9D /* Release */ = {
			isa = XCBuildConfiguration;
			buildSettings = {
				ALWAYS_SEARCH_USER_PATHS = NO;
				CLANG_ANALYZER_NONNULL = YES;
				CLANG_ANALYZER_NUMBER_OBJECT_CONVERSION = YES_AGGRESSIVE;
				CLANG_CXX_LANGUAGE_STANDARD = "gnu++14";
				CLANG_CXX_LIBRARY = "libc++";
				CLANG_ENABLE_MODULES = YES;
				CLANG_ENABLE_OBJC_ARC = YES;
				CLANG_ENABLE_OBJC_WEAK = YES;
				CLANG_WARN_BLOCK_CAPTURE_AUTORELEASING = YES;
				CLANG_WARN_BOOL_CONVERSION = YES;
				CLANG_WARN_COMMA = YES;
				CLANG_WARN_CONSTANT_CONVERSION = YES;
				CLANG_WARN_DEPRECATED_OBJC_IMPLEMENTATIONS = YES;
				CLANG_WARN_DIRECT_OBJC_ISA_USAGE = YES_ERROR;
				CLANG_WARN_DOCUMENTATION_COMMENTS = YES;
				CLANG_WARN_EMPTY_BODY = YES;
				CLANG_WARN_ENUM_CONVERSION = YES;
				CLANG_WARN_INFINITE_RECURSION = YES;
				CLANG_WARN_INT_CONVERSION = YES;
				CLANG_WARN_NON_LITERAL_NULL_CONVERSION = YES;
				CLANG_WARN_OBJC_IMPLICIT_RETAIN_SELF = YES;
				CLANG_WARN_OBJC_LITERAL_CONVERSION = YES;
				CLANG_WARN_OBJC_ROOT_CLASS = YES_ERROR;
				CLANG_WARN_RANGE_LOOP_ANALYSIS = YES;
				CLANG_WARN_STRICT_PROTOTYPES = YES;
				CLANG_WARN_SUSPICIOUS_MOVE = YES;
				CLANG_WARN_UNGUARDED_AVAILABILITY = YES_AGGRESSIVE;
				CLANG_WARN_UNREACHABLE_CODE = YES;
				CLANG_WARN__DUPLICATE_METHOD_MATCH = YES;
				CODE_SIGN_IDENTITY = "-";
				COPY_PHASE_STRIP = NO;
				DEBUG_INFORMATION_FORMAT = "dwarf-with-dsym";
				ENABLE_NS_ASSERTIONS = NO;
				ENABLE_STRICT_OBJC_MSGSEND = YES;
				GCC_C_LANGUAGE_STANDARD = gnu11;
				GCC_NO_COMMON_BLOCKS = YES;
				GCC_WARN_64_TO_32_BIT_CONVERSION = YES;
				GCC_WARN_ABOUT_RETURN_TYPE = YES_ERROR;
				GCC_WARN_UNDECLARED_SELECTOR = YES;
				GCC_WARN_UNINITIALIZED_AUTOS = YES_AGGRESSIVE;
				GCC_WARN_UNUSED_FUNCTION = YES;
				GCC_WARN_UNUSED_VARIABLE = YES;
				MACOSX_DEPLOYMENT_TARGET = 10.14;
				MTL_ENABLE_DEBUG_INFO = NO;
				MTL_FAST_MATH = YES;
				SDKROOT = macosx;
				SWIFT_COMPILATION_MODE = wholemodule;
				SWIFT_OPTIMIZATION_LEVEL = "-O";
			};
			name = Release;
		};
		4CDA08EE2191FBB400B51B9D /* Debug */ = {
			isa = XCBuildConfiguration;
			buildSettings = {
				PRODUCT_NAME = "$(TARGET_NAME)";
				SWIFT_VERSION = 4.2;
			};
			name = Debug;
		};
		4CDA08EF2191FBB400B51B9D /* Release */ = {
			isa = XCBuildConfiguration;
			buildSettings = {
				PRODUCT_NAME = "$(TARGET_NAME)";
				SWIFT_VERSION = 4.2;
			};
			name = Release;
		};
/* End XCBuildConfiguration section */

/* Begin XCConfigurationList section */
		4CDA08E12191FBB400B51B9D /* Build configuration list for PBXProject "xccovPretty" */ = {
			isa = XCConfigurationList;
			buildConfigurations = (
				4CDA08EB2191FBB400B51B9D /* Debug */,
				4CDA08EC2191FBB400B51B9D /* Release */,
			);
			defaultConfigurationIsVisible = 0;
			defaultConfigurationName = Release;
		};
		4CDA08ED2191FBB400B51B9D /* Build configuration list for PBXNativeTarget "xccovPretty" */ = {
			isa = XCConfigurationList;
			buildConfigurations = (
				4CDA08EE2191FBB400B51B9D /* Debug */,
				4CDA08EF2191FBB400B51B9D /* Release */,
			);
			defaultConfigurationIsVisible = 0;
			defaultConfigurationName = Release;
		};
/* End XCConfigurationList section */
	};
	rootObject = 4CDA08DE2191FBB400B51B9D /* Project object */;
}
